
Microsoft Visual Studio Solution File, Format Version 12.00
# Visual Studio Version 17
VisualStudioVersion = 17.0.32126.317
MinimumVisualStudioVersion = 10.0.40219.1
Project("{FAE04EC0-301F-11D3-BF4B-00C04F79EFBC}") = "SongsLyrics", "SongsLyrics\SongsLyrics.csproj", "{B4163130-F6DE-4A74-9DFC-62BB6F7F278E}"
EndProject
Global
	GlobalSection(SolutionConfigurationPlatforms) = preSolution
		Debug|Any CPU = Debug|Any CPU
		Release|Any CPU = Release|Any CPU
	EndGlobalSection
	GlobalSection(ProjectConfigurationPlatforms) = postSolution
		{B4163130-F6DE-4A74-9DFC-62BB6F7F278E}.Debug|Any CPU.ActiveCfg = Debug|Any CPU
		{B4163130-F6DE-4A74-9DFC-62BB6F7F278E}.Debug|Any CPU.Build.0 = Debug|Any CPU
		{B4163130-F6DE-4A74-9DFC-62BB6F7F278E}.Release|Any CPU.ActiveCfg = Release|Any CPU
		{B4163130-F6DE-4A74-9DFC-62BB6F7F278E}.Release|Any CPU.Build.0 = Release|Any CPU
	EndGlobalSection
	GlobalSection(SolutionProperties) = preSolution
		HideSolutionNode = FALSE
	EndGlobalSection
	GlobalSection(ExtensibilityGlobals) = postSolution
		SolutionGuid = {85AD27F4-4ACE-4116-A75B-781CB3D4D9AE}
	EndGlobalSection
EndGlobal
